
Microsoft Visual Studio Solution File, Format Version 12.00
# Visual Studio Version 17
VisualStudioVersion = 17.7.34018.315
MinimumVisualStudioVersion = 10.0.40219.1
Project("{FAE04EC0-301F-11D3-BF4B-00C04F79EFBC}") = "FormulaEvaluator", "FormulaEvaluator\FormulaEvaluator.csproj", "{4959A741-5770-4B34-9E3E-79DF99BEA772}"
EndProject
Global
	GlobalSection(SolutionConfigurationPlatforms) = preSolution
		Debug|Any CPU = Debug|Any CPU
		Release|Any CPU = Release|Any CPU
	EndGlobalSection
	GlobalSection(ProjectConfigurationPlatforms) = postSolution
		{4959A741-5770-4B34-9E3E-79DF99BEA772}.Debug|Any CPU.ActiveCfg = Debug|Any CPU
		{4959A741-5770-4B34-9E3E-79DF99BEA772}.Debug|Any CPU.Build.0 = Debug|Any CPU
		{4959A741-5770-4B34-9E3E-79DF99BEA772}.Release|Any CPU.ActiveCfg = Release|Any CPU
		{4959A741-5770-4B34-9E3E-79DF99BEA772}.Release|Any CPU.Build.0 = Release|Any CPU
	EndGlobalSection
	GlobalSection(SolutionProperties) = preSolution
		HideSolutionNode = FALSE
	EndGlobalSection
	GlobalSection(ExtensibilityGlobals) = postSolution
		SolutionGuid = {02DA6A2A-75AE-4EA5-8790-5952036BABDD}
	EndGlobalSection
EndGlobal
