
Microsoft Visual Studio Solution File, Format Version 12.00
# Visual Studio Version 17
VisualStudioVersion = 17.7.34018.315
MinimumVisualStudioVersion = 10.0.40219.1
Project("{9A19103F-16F7-4668-BE54-9A1E7A4F7556}") = "FormulaEvaluator", "FormulaEvaluator\FormulaEvaluator.csproj", "{4959A741-5770-4B34-9E3E-79DF99BEA772}"
EndProject
Project("{9A19103F-16F7-4668-BE54-9A1E7A4F7556}") = "ConsoleApp1", "ConsoleApp1\ConsoleApp1.csproj", "{314D1A01-D9EA-40B1-94A0-1440115A6B32}"
EndProject
Project("{9A19103F-16F7-4668-BE54-9A1E7A4F7556}") = "DependencyGraph", "DependencyGraph\DependencyGraph.csproj", "{34E68B14-C740-4FEA-80D7-D9C6F0867C99}"
EndProject
Project("{9A19103F-16F7-4668-BE54-9A1E7A4F7556}") = "Formula", "Formula\Formula.csproj", "{2CB7AF7F-9B73-47F0-BE97-517A55E50382}"
EndProject
Project("{9A19103F-16F7-4668-BE54-9A1E7A4F7556}") = "Spreadsheet", "Spreadsheet\Spreadsheet.csproj", "{0D12C577-C82E-4B73-8503-0B44385B1D23}"
EndProject
Project("{9A19103F-16F7-4668-BE54-9A1E7A4F7556}") = "SpreadsheetGUI", "SpreadsheetGUI\SpreadsheetGUI.csproj", "{32CAA59C-8F03-4C0E-B66B-61352ADB60FA}"
EndProject
Project("{9A19103F-16F7-4668-BE54-9A1E7A4F7556}") = "UIFunctionTest", "UIFunctionTest\UIFunctionTest.csproj", "{7DA49827-0A3E-479B-8FF1-155AD23D8490}"
EndProject
Global
	GlobalSection(SolutionConfigurationPlatforms) = preSolution
		Debug|Any CPU = Debug|Any CPU
		Release|Any CPU = Release|Any CPU
	EndGlobalSection
	GlobalSection(ProjectConfigurationPlatforms) = postSolution
		{4959A741-5770-4B34-9E3E-79DF99BEA772}.Debug|Any CPU.ActiveCfg = Debug|Any CPU
		{4959A741-5770-4B34-9E3E-79DF99BEA772}.Debug|Any CPU.Build.0 = Debug|Any CPU
		{4959A741-5770-4B34-9E3E-79DF99BEA772}.Release|Any CPU.ActiveCfg = Release|Any CPU
		{4959A741-5770-4B34-9E3E-79DF99BEA772}.Release|Any CPU.Build.0 = Release|Any CPU
		{314D1A01-D9EA-40B1-94A0-1440115A6B32}.Debug|Any CPU.ActiveCfg = Debug|Any CPU
		{314D1A01-D9EA-40B1-94A0-1440115A6B32}.Debug|Any CPU.Build.0 = Debug|Any CPU
		{314D1A01-D9EA-40B1-94A0-1440115A6B32}.Release|Any CPU.ActiveCfg = Release|Any CPU
		{314D1A01-D9EA-40B1-94A0-1440115A6B32}.Release|Any CPU.Build.0 = Release|Any CPU
		{34E68B14-C740-4FEA-80D7-D9C6F0867C99}.Debug|Any CPU.ActiveCfg = Debug|Any CPU
		{34E68B14-C740-4FEA-80D7-D9C6F0867C99}.Debug|Any CPU.Build.0 = Debug|Any CPU
		{34E68B14-C740-4FEA-80D7-D9C6F0867C99}.Release|Any CPU.ActiveCfg = Release|Any CPU
		{34E68B14-C740-4FEA-80D7-D9C6F0867C99}.Release|Any CPU.Build.0 = Release|Any CPU
		{2CB7AF7F-9B73-47F0-BE97-517A55E50382}.Debug|Any CPU.ActiveCfg = Debug|Any CPU
		{2CB7AF7F-9B73-47F0-BE97-517A55E50382}.Debug|Any CPU.Build.0 = Debug|Any CPU
		{2CB7AF7F-9B73-47F0-BE97-517A55E50382}.Release|Any CPU.ActiveCfg = Release|Any CPU
		{2CB7AF7F-9B73-47F0-BE97-517A55E50382}.Release|Any CPU.Build.0 = Release|Any CPU
		{0D12C577-C82E-4B73-8503-0B44385B1D23}.Debug|Any CPU.ActiveCfg = Debug|Any CPU
		{0D12C577-C82E-4B73-8503-0B44385B1D23}.Debug|Any CPU.Build.0 = Debug|Any CPU
		{0D12C577-C82E-4B73-8503-0B44385B1D23}.Release|Any CPU.ActiveCfg = Release|Any CPU
		{0D12C577-C82E-4B73-8503-0B44385B1D23}.Release|Any CPU.Build.0 = Release|Any CPU
		{32CAA59C-8F03-4C0E-B66B-61352ADB60FA}.Debug|Any CPU.ActiveCfg = Debug|Any CPU
		{32CAA59C-8F03-4C0E-B66B-61352ADB60FA}.Debug|Any CPU.Build.0 = Debug|Any CPU
		{32CAA59C-8F03-4C0E-B66B-61352ADB60FA}.Debug|Any CPU.Deploy.0 = Debug|Any CPU
		{32CAA59C-8F03-4C0E-B66B-61352ADB60FA}.Release|Any CPU.ActiveCfg = Release|Any CPU
		{32CAA59C-8F03-4C0E-B66B-61352ADB60FA}.Release|Any CPU.Build.0 = Release|Any CPU
		{7DA49827-0A3E-479B-8FF1-155AD23D8490}.Debug|Any CPU.ActiveCfg = Debug|Any CPU
		{7DA49827-0A3E-479B-8FF1-155AD23D8490}.Debug|Any CPU.Build.0 = Debug|Any CPU
		{7DA49827-0A3E-479B-8FF1-155AD23D8490}.Debug|Any CPU.Deploy.0 = Debug|Any CPU
		{7DA49827-0A3E-479B-8FF1-155AD23D8490}.Release|Any CPU.ActiveCfg = Release|Any CPU
		{7DA49827-0A3E-479B-8FF1-155AD23D8490}.Release|Any CPU.Build.0 = Release|Any CPU
		{7DA49827-0A3E-479B-8FF1-155AD23D8490}.Release|Any CPU.Deploy.0 = Release|Any CPU
	EndGlobalSection
	GlobalSection(SolutionProperties) = preSolution
		HideSolutionNode = FALSE
	EndGlobalSection
	GlobalSection(ExtensibilityGlobals) = postSolution
		SolutionGuid = {02DA6A2A-75AE-4EA5-8790-5952036BABDD}
	EndGlobalSection
EndGlobal
